
Microsoft Visual Studio Solution File, Format Version 12.00
# Visual Studio Version 16
VisualStudioVersion = 16.0.30804.86
MinimumVisualStudioVersion = 10.0.40219.1
Project("{FAE04EC0-301F-11D3-BF4B-00C04F79EFBC}") = "DownloadAzure.Client", "DownloadAzure.Client\DownloadAzure.Client.csproj", "{A8CBEB4E-EC35-466A-A80D-423E8A37FD1B}"
EndProject
Global
	GlobalSection(SolutionConfigurationPlatforms) = preSolution
		Debug|Any CPU = Debug|Any CPU
		Release|Any CPU = Release|Any CPU
	EndGlobalSection
	GlobalSection(ProjectConfigurationPlatforms) = postSolution
		{A8CBEB4E-EC35-466A-A80D-423E8A37FD1B}.Debug|Any CPU.ActiveCfg = Debug|Any CPU
		{A8CBEB4E-EC35-466A-A80D-423E8A37FD1B}.Debug|Any CPU.Build.0 = Debug|Any CPU
		{A8CBEB4E-EC35-466A-A80D-423E8A37FD1B}.Release|Any CPU.ActiveCfg = Release|Any CPU
		{A8CBEB4E-EC35-466A-A80D-423E8A37FD1B}.Release|Any CPU.Build.0 = Release|Any CPU
	EndGlobalSection
	GlobalSection(SolutionProperties) = preSolution
		HideSolutionNode = FALSE
	EndGlobalSection
	GlobalSection(ExtensibilityGlobals) = postSolution
		SolutionGuid = {73475297-D0F5-4120-8CC7-DB1E8FB9DD13}
	EndGlobalSection
EndGlobal
